
Microsoft Visual Studio Solution File, Format Version 12.00
Project("{FAE04EC0-301F-11D3-BF4B-00C04F79EFBC}") = "TicketSeller", "TicketSeller\TicketSeller.csproj", "{8E9E4874-7189-46A2-8B22-5E4899E986EE}"
EndProject
Global
	GlobalSection(SolutionConfigurationPlatforms) = preSolution
		Debug|Any CPU = Debug|Any CPU
		Release|Any CPU = Release|Any CPU
	EndGlobalSection
	GlobalSection(ProjectConfigurationPlatforms) = postSolution
		{8E9E4874-7189-46A2-8B22-5E4899E986EE}.Debug|Any CPU.ActiveCfg = Debug|Any CPU
		{8E9E4874-7189-46A2-8B22-5E4899E986EE}.Debug|Any CPU.Build.0 = Debug|Any CPU
		{8E9E4874-7189-46A2-8B22-5E4899E986EE}.Release|Any CPU.ActiveCfg = Release|Any CPU
		{8E9E4874-7189-46A2-8B22-5E4899E986EE}.Release|Any CPU.Build.0 = Release|Any CPU
	EndGlobalSection
EndGlobal
